{
  "name": "asset-pack-hashing",
  "version": "1.0.0",
  "lockfileVersion": 2,
  "requires": true,
  "packages": {
    "": {
      "version": "1.0.0",
      "license": "MIT",
      "dependencies": {
        "md5-file": "^5.0.0"
      },
      "devDependencies": {
        "@types/md5-file": "^5.0.0",
        "@types/node": "^15.12.5"
      }
    },
    "node_modules/@types/md5-file": {
      "version": "5.0.0",
      "resolved": "https://registry.npmjs.org/@types/md5-file/-/md5-file-5.0.0.tgz",
      "integrity": "sha512-b5wGwzjovLIcHNNmxT9u8pNumt1vxZ/+tRIpe10R6ZriTipq8NqQIGH95rC7gn4PlZR6R2Rr7hNavTW7n5GQ3Q==",
      "deprecated": "This is a stub types definition. md5-file provides its own type definitions, so you do not need this installed.",
      "dev": true,
      "dependencies": {
        "md5-file": "*"
      }
    },
    "node_modules/@types/node": {
      "version": "15.12.5",
      "resolved": "https://registry.npmjs.org/@types/node/-/node-15.12.5.tgz",
      "integrity": "sha512-se3yX7UHv5Bscf8f1ERKvQOD6sTyycH3hdaoozvaLxgUiY5lIGEeH37AD0G0Qi9kPqihPn0HOfd2yaIEN9VwEg==",
      "dev": true
    },
    "node_modules/md5-file": {
      "version": "5.0.0",
      "resolved": "https://registry.npmjs.org/md5-file/-/md5-file-5.0.0.tgz",
      "integrity": "sha512-xbEFXCYVWrSx/gEKS1VPlg84h/4L20znVIulKw6kMfmBUAZNAnF00eczz9ICMl+/hjQGo5KSXRxbL/47X3rmMw==",
      "bin": {
        "md5-file": "cli.js"
      },
      "engines": {
        "node": ">=10.13.0"
      }
    }
  },
  "dependencies": {
    "@types/md5-file": {
      "version": "5.0.0",
      "resolved": "https://registry.npmjs.org/@types/md5-file/-/md5-file-5.0.0.tgz",
      "integrity": "sha512-b5wGwzjovLIcHNNmxT9u8pNumt1vxZ/+tRIpe10R6ZriTipq8NqQIGH95rC7gn4PlZR6R2Rr7hNavTW7n5GQ3Q==",
      "dev": true,
      "requires": {
        "md5-file": "*"
      }
    },
    "@types/node": {
      "version": "15.12.5",
      "resolved": "https://registry.npmjs.org/@types/node/-/node-15.12.5.tgz",
      "integrity": "sha512-se3yX7UHv5Bscf8f1ERKvQOD6sTyycH3hdaoozvaLxgUiY5lIGEeH37AD0G0Qi9kPqihPn0HOfd2yaIEN9VwEg==",
      "dev": true
    },
    "md5-file": {
      "version": "5.0.0",
      "resolved": "https://registry.npmjs.org/md5-file/-/md5-file-5.0.0.tgz",
      "integrity": "sha512-xbEFXCYVWrSx/gEKS1VPlg84h/4L20znVIulKw6kMfmBUAZNAnF00eczz9ICMl+/hjQGo5KSXRxbL/47X3rmMw=="
    }
  }
}
